// !$*UTF8*$!
{
	archiveVersion = 1;
	classes = {
	};
	objectVersion = 50;
	objects = {

/* Begin PBXBuildFile section */
		66FDE4B72433F8E5009FE064 /* AppDelegate.swift in Sources */ = {isa = PBXBuildFile; fileRef = 66FDE4B62433F8E5009FE064 /* AppDelegate.swift */; };
		66FDE4B92433F8E5009FE064 /* SceneDelegate.swift in Sources */ = {isa = PBXBuildFile; fileRef = 66FDE4B82433F8E5009FE064 /* SceneDelegate.swift */; };
		66FDE4C02433F8EB009FE064 /* Assets.xcassets in Resources */ = {isa = PBXBuildFile; fileRef = 66FDE4BF2433F8EB009FE064 /* Assets.xcassets */; };
		66FDE4CE2433F8EB009FE064 /* PokemonAppTests.swift in Sources */ = {isa = PBXBuildFile; fileRef = 66FDE4CD2433F8EB009FE064 /* PokemonAppTests.swift */; };
		66FDE4DC2433FB57009FE064 /* PATabBarController.swift in Sources */ = {isa = PBXBuildFile; fileRef = 66FDE4DB2433FB57009FE064 /* PATabBarController.swift */; };
		66FDE4DF2433FBED009FE064 /* SearchVC.swift in Sources */ = {isa = PBXBuildFile; fileRef = 66FDE4DE2433FBED009FE064 /* SearchVC.swift */; };
		66FDE4E12433FBFF009FE064 /* FavoritesVC.swift in Sources */ = {isa = PBXBuildFile; fileRef = 66FDE4E02433FBFF009FE064 /* FavoritesVC.swift */; };
/* End PBXBuildFile section */

/* Begin PBXContainerItemProxy section */
		66FDE4CA2433F8EB009FE064 /* PBXContainerItemProxy */ = {
			isa = PBXContainerItemProxy;
			containerPortal = 66FDE4AB2433F8E5009FE064 /* Project object */;
			proxyType = 1;
			remoteGlobalIDString = 66FDE4B22433F8E5009FE064;
			remoteInfo = PokemonApp;
		};
/* End PBXContainerItemProxy section */

/* Begin PBXFileReference section */
		66FDE4B32433F8E5009FE064 /* PokemonApp.app */ = {isa = PBXFileReference; explicitFileType = wrapper.application; includeInIndex = 0; path = PokemonApp.app; sourceTree = BUILT_PRODUCTS_DIR; };
		66FDE4B62433F8E5009FE064 /* AppDelegate.swift */ = {isa = PBXFileReference; lastKnownFileType = sourcecode.swift; path = AppDelegate.swift; sourceTree = "<group>"; };
		66FDE4B82433F8E5009FE064 /* SceneDelegate.swift */ = {isa = PBXFileReference; lastKnownFileType = sourcecode.swift; path = SceneDelegate.swift; sourceTree = "<group>"; };
		66FDE4BF2433F8EB009FE064 /* Assets.xcassets */ = {isa = PBXFileReference; lastKnownFileType = folder.assetcatalog; path = Assets.xcassets; sourceTree = "<group>"; };
		66FDE4C42433F8EB009FE064 /* Info.plist */ = {isa = PBXFileReference; lastKnownFileType = text.plist.xml; path = Info.plist; sourceTree = "<group>"; };
		66FDE4C92433F8EB009FE064 /* PokemonAppTests.xctest */ = {isa = PBXFileReference; explicitFileType = wrapper.cfbundle; includeInIndex = 0; path = PokemonAppTests.xctest; sourceTree = BUILT_PRODUCTS_DIR; };
		66FDE4CD2433F8EB009FE064 /* PokemonAppTests.swift */ = {isa = PBXFileReference; lastKnownFileType = sourcecode.swift; path = PokemonAppTests.swift; sourceTree = "<group>"; };
		66FDE4CF2433F8EB009FE064 /* Info.plist */ = {isa = PBXFileReference; lastKnownFileType = text.plist.xml; path = Info.plist; sourceTree = "<group>"; };
		66FDE4DB2433FB57009FE064 /* PATabBarController.swift */ = {isa = PBXFileReference; lastKnownFileType = sourcecode.swift; path = PATabBarController.swift; sourceTree = "<group>"; };
		66FDE4DE2433FBED009FE064 /* SearchVC.swift */ = {isa = PBXFileReference; lastKnownFileType = sourcecode.swift; path = SearchVC.swift; sourceTree = "<group>"; };
		66FDE4E02433FBFF009FE064 /* FavoritesVC.swift */ = {isa = PBXFileReference; lastKnownFileType = sourcecode.swift; path = FavoritesVC.swift; sourceTree = "<group>"; };
/* End PBXFileReference section */

/* Begin PBXFrameworksBuildPhase section */
		66FDE4B02433F8E5009FE064 /* Frameworks */ = {
			isa = PBXFrameworksBuildPhase;
			buildActionMask = 2147483647;
			files = (
			);
			runOnlyForDeploymentPostprocessing = 0;
		};
		66FDE4C62433F8EB009FE064 /* Frameworks */ = {
			isa = PBXFrameworksBuildPhase;
			buildActionMask = 2147483647;
			files = (
			);
			runOnlyForDeploymentPostprocessing = 0;
		};
/* End PBXFrameworksBuildPhase section */

/* Begin PBXGroup section */
		66FDE4AA2433F8E5009FE064 = {
			isa = PBXGroup;
			children = (
				66FDE4B52433F8E5009FE064 /* PokemonApp */,
				66FDE4CC2433F8EB009FE064 /* PokemonAppTests */,
				66FDE4B42433F8E5009FE064 /* Products */,
			);
			sourceTree = "<group>";
		};
		66FDE4B42433F8E5009FE064 /* Products */ = {
			isa = PBXGroup;
			children = (
				66FDE4B32433F8E5009FE064 /* PokemonApp.app */,
				66FDE4C92433F8EB009FE064 /* PokemonAppTests.xctest */,
			);
			name = Products;
			sourceTree = "<group>";
		};
		66FDE4B52433F8E5009FE064 /* PokemonApp */ = {
			isa = PBXGroup;
			children = (
				66FDE4D92433FB19009FE064 /* Custom Views */,
				66FDE4DD2433FBC9009FE064 /* Screens */,
				66FDE4D82433FAA7009FE064 /* Support */,
				66FDE4C42433F8EB009FE064 /* Info.plist */,
			);
			path = PokemonApp;
			sourceTree = "<group>";
		};
		66FDE4CC2433F8EB009FE064 /* PokemonAppTests */ = {
			isa = PBXGroup;
			children = (
				66FDE4CD2433F8EB009FE064 /* PokemonAppTests.swift */,
				66FDE4CF2433F8EB009FE064 /* Info.plist */,
			);
			path = PokemonAppTests;
			sourceTree = "<group>";
		};
		66FDE4D82433FAA7009FE064 /* Support */ = {
			isa = PBXGroup;
			children = (
				66FDE4B62433F8E5009FE064 /* AppDelegate.swift */,
				66FDE4B82433F8E5009FE064 /* SceneDelegate.swift */,
				66FDE4BF2433F8EB009FE064 /* Assets.xcassets */,
			);
			path = Support;
			sourceTree = "<group>";
		};
		66FDE4D92433FB19009FE064 /* Custom Views */ = {
			isa = PBXGroup;
			children = (
				66FDE4DA2433FB27009FE064 /* TabBarControllers */,
			);
			path = "Custom Views";
			sourceTree = "<group>";
		};
		66FDE4DA2433FB27009FE064 /* TabBarControllers */ = {
			isa = PBXGroup;
			children = (
				66FDE4DB2433FB57009FE064 /* PATabBarController.swift */,
			);
			path = TabBarControllers;
			sourceTree = "<group>";
		};
		66FDE4DD2433FBC9009FE064 /* Screens */ = {
			isa = PBXGroup;
			children = (
				66FDE4DE2433FBED009FE064 /* SearchVC.swift */,
				66FDE4E02433FBFF009FE064 /* FavoritesVC.swift */,
			);
			path = Screens;
			sourceTree = "<group>";
		};
/* End PBXGroup section */

/* Begin PBXNativeTarget section */
		66FDE4B22433F8E5009FE064 /* PokemonApp */ = {
			isa = PBXNativeTarget;
			buildConfigurationList = 66FDE4D22433F8EB009FE064 /* Build configuration list for PBXNativeTarget "PokemonApp" */;
			buildPhases = (
				66FDE4AF2433F8E5009FE064 /* Sources */,
				66FDE4B02433F8E5009FE064 /* Frameworks */,
				66FDE4B12433F8E5009FE064 /* Resources */,
			);
			buildRules = (
			);
			dependencies = (
			);
			name = PokemonApp;
			productName = PokemonApp;
			productReference = 66FDE4B32433F8E5009FE064 /* PokemonApp.app */;
			productType = "com.apple.product-type.application";
		};
		66FDE4C82433F8EB009FE064 /* PokemonAppTests */ = {
			isa = PBXNativeTarget;
			buildConfigurationList = 66FDE4D52433F8EB009FE064 /* Build configuration list for PBXNativeTarget "PokemonAppTests" */;
			buildPhases = (
				66FDE4C52433F8EB009FE064 /* Sources */,
				66FDE4C62433F8EB009FE064 /* Frameworks */,
				66FDE4C72433F8EB009FE064 /* Resources */,
			);
			buildRules = (
			);
			dependencies = (
				66FDE4CB2433F8EB009FE064 /* PBXTargetDependency */,
			);
			name = PokemonAppTests;
			productName = PokemonAppTests;
			productReference = 66FDE4C92433F8EB009FE064 /* PokemonAppTests.xctest */;
			productType = "com.apple.product-type.bundle.unit-test";
		};
/* End PBXNativeTarget section */

/* Begin PBXProject section */
		66FDE4AB2433F8E5009FE064 /* Project object */ = {
			isa = PBXProject;
			attributes = {
				LastSwiftUpdateCheck = 1140;
				LastUpgradeCheck = 1140;
				ORGANIZATIONNAME = "Ricardo Ferreira";
				TargetAttributes = {
					66FDE4B22433F8E5009FE064 = {
						CreatedOnToolsVersion = 11.4;
					};
					66FDE4C82433F8EB009FE064 = {
						CreatedOnToolsVersion = 11.4;
						TestTargetID = 66FDE4B22433F8E5009FE064;
					};
				};
			};
			buildConfigurationList = 66FDE4AE2433F8E5009FE064 /* Build configuration list for PBXProject "PokemonApp" */;
			compatibilityVersion = "Xcode 9.3";
			developmentRegion = en;
			hasScannedForEncodings = 0;
			knownRegions = (
				en,
				Base,
			);
			mainGroup = 66FDE4AA2433F8E5009FE064;
			productRefGroup = 66FDE4B42433F8E5009FE064 /* Products */;
			projectDirPath = "";
			projectRoot = "";
			targets = (
				66FDE4B22433F8E5009FE064 /* PokemonApp */,
				66FDE4C82433F8EB009FE064 /* PokemonAppTests */,
			);
		};
/* End PBXProject section */

/* Begin PBXResourcesBuildPhase section */
		66FDE4B12433F8E5009FE064 /* Resources */ = {
			isa = PBXResourcesBuildPhase;
			buildActionMask = 2147483647;
			files = (
				66FDE4C02433F8EB009FE064 /* Assets.xcassets in Resources */,
			);
			runOnlyForDeploymentPostprocessing = 0;
		};
		66FDE4C72433F8EB009FE064 /* Resources */ = {
			isa = PBXResourcesBuildPhase;
			buildActionMask = 2147483647;
			files = (
			);
			runOnlyForDeploymentPostprocessing = 0;
		};
/* End PBXResourcesBuildPhase section */

/* Begin PBXSourcesBuildPhase section */
		66FDE4AF2433F8E5009FE064 /* Sources */ = {
			isa = PBXSourcesBuildPhase;
			buildActionMask = 2147483647;
			files = (
				66FDE4E12433FBFF009FE064 /* FavoritesVC.swift in Sources */,
				66FDE4DF2433FBED009FE064 /* SearchVC.swift in Sources */,
				66FDE4B72433F8E5009FE064 /* AppDelegate.swift in Sources */,
				66FDE4B92433F8E5009FE064 /* SceneDelegate.swift in Sources */,
				66FDE4DC2433FB57009FE064 /* PATabBarController.swift in Sources */,
			);
			runOnlyForDeploymentPostprocessing = 0;
		};
		66FDE4C52433F8EB009FE064 /* Sources */ = {
			isa = PBXSourcesBuildPhase;
			buildActionMask = 2147483647;
			files = (
				66FDE4CE2433F8EB009FE064 /* PokemonAppTests.swift in Sources */,
			);
			runOnlyForDeploymentPostprocessing = 0;
		};
/* End PBXSourcesBuildPhase section */

/* Begin PBXTargetDependency section */
		66FDE4CB2433F8EB009FE064 /* PBXTargetDependency */ = {
			isa = PBXTargetDependency;
			target = 66FDE4B22433F8E5009FE064 /* PokemonApp */;
			targetProxy = 66FDE4CA2433F8EB009FE064 /* PBXContainerItemProxy */;
		};
/* End PBXTargetDependency section */

/* Begin XCBuildConfiguration section */
		66FDE4D02433F8EB009FE064 /* Debug */ = {
			isa = XCBuildConfiguration;
			buildSettings = {
				ALWAYS_SEARCH_USER_PATHS = NO;
				CLANG_ANALYZER_NONNULL = YES;
				CLANG_ANALYZER_NUMBER_OBJECT_CONVERSION = YES_AGGRESSIVE;
				CLANG_CXX_LANGUAGE_STANDARD = "gnu++14";
				CLANG_CXX_LIBRARY = "libc++";
				CLANG_ENABLE_MODULES = YES;
				CLANG_ENABLE_OBJC_ARC = YES;
				CLANG_ENABLE_OBJC_WEAK = YES;
				CLANG_WARN_BLOCK_CAPTURE_AUTORELEASING = YES;
				CLANG_WARN_BOOL_CONVERSION = YES;
				CLANG_WARN_COMMA = YES;
				CLANG_WARN_CONSTANT_CONVERSION = YES;
				CLANG_WARN_DEPRECATED_OBJC_IMPLEMENTATIONS = YES;
				CLANG_WARN_DIRECT_OBJC_ISA_USAGE = YES_ERROR;
				CLANG_WARN_DOCUMENTATION_COMMENTS = YES;
				CLANG_WARN_EMPTY_BODY = YES;
				CLANG_WARN_ENUM_CONVERSION = YES;
				CLANG_WARN_INFINITE_RECURSION = YES;
				CLANG_WARN_INT_CONVERSION = YES;
				CLANG_WARN_NON_LITERAL_NULL_CONVERSION = YES;
				CLANG_WARN_OBJC_IMPLICIT_RETAIN_SELF = YES;
				CLANG_WARN_OBJC_LITERAL_CONVERSION = YES;
				CLANG_WARN_OBJC_ROOT_CLASS = YES_ERROR;
				CLANG_WARN_RANGE_LOOP_ANALYSIS = YES;
				CLANG_WARN_STRICT_PROTOTYPES = YES;
				CLANG_WARN_SUSPICIOUS_MOVE = YES;
				CLANG_WARN_UNGUARDED_AVAILABILITY = YES_AGGRESSIVE;
				CLANG_WARN_UNREACHABLE_CODE = YES;
				CLANG_WARN__DUPLICATE_METHOD_MATCH = YES;
				COPY_PHASE_STRIP = NO;
				DEBUG_INFORMATION_FORMAT = dwarf;
				ENABLE_STRICT_OBJC_MSGSEND = YES;
				ENABLE_TESTABILITY = YES;
				GCC_C_LANGUAGE_STANDARD = gnu11;
				GCC_DYNAMIC_NO_PIC = NO;
				GCC_NO_COMMON_BLOCKS = YES;
				GCC_OPTIMIZATION_LEVEL = 0;
				GCC_PREPROCESSOR_DEFINITIONS = (
					"DEBUG=1",
					"$(inherited)",
				);
				GCC_WARN_64_TO_32_BIT_CONVERSION = YES;
				GCC_WARN_ABOUT_RETURN_TYPE = YES_ERROR;
				GCC_WARN_UNDECLARED_SELECTOR = YES;
				GCC_WARN_UNINITIALIZED_AUTOS = YES_AGGRESSIVE;
				GCC_WARN_UNUSED_FUNCTION = YES;
				GCC_WARN_UNUSED_VARIABLE = YES;
				IPHONEOS_DEPLOYMENT_TARGET = 13.4;
				MTL_ENABLE_DEBUG_INFO = INCLUDE_SOURCE;
				MTL_FAST_MATH = YES;
				ONLY_ACTIVE_ARCH = YES;
				SDKROOT = iphoneos;
				SWIFT_ACTIVE_COMPILATION_CONDITIONS = DEBUG;
				SWIFT_OPTIMIZATION_LEVEL = "-Onone";
			};
			name = Debug;
		};
		66FDE4D12433F8EB009FE064 /* Release */ = {
			isa = XCBuildConfiguration;
			buildSettings = {
				ALWAYS_SEARCH_USER_PATHS = NO;
				CLANG_ANALYZER_NONNULL = YES;
				CLANG_ANALYZER_NUMBER_OBJECT_CONVERSION = YES_AGGRESSIVE;
				CLANG_CXX_LANGUAGE_STANDARD = "gnu++14";
				CLANG_CXX_LIBRARY = "libc++";
				CLANG_ENABLE_MODULES = YES;
				CLANG_ENABLE_OBJC_ARC = YES;
				CLANG_ENABLE_OBJC_WEAK = YES;
				CLANG_WARN_BLOCK_CAPTURE_AUTORELEASING = YES;
				CLANG_WARN_BOOL_CONVERSION = YES;
				CLANG_WARN_COMMA = YES;
				CLANG_WARN_CONSTANT_CONVERSION = YES;
				CLANG_WARN_DEPRECATED_OBJC_IMPLEMENTATIONS = YES;
				CLANG_WARN_DIRECT_OBJC_ISA_USAGE = YES_ERROR;
				CLANG_WARN_DOCUMENTATION_COMMENTS = YES;
				CLANG_WARN_EMPTY_BODY = YES;
				CLANG_WARN_ENUM_CONVERSION = YES;
				CLANG_WARN_INFINITE_RECURSION = YES;
				CLANG_WARN_INT_CONVERSION = YES;
				CLANG_WARN_NON_LITERAL_NULL_CONVERSION = YES;
				CLANG_WARN_OBJC_IMPLICIT_RETAIN_SELF = YES;
				CLANG_WARN_OBJC_LITERAL_CONVERSION = YES;
				CLANG_WARN_OBJC_ROOT_CLASS = YES_ERROR;
				CLANG_WARN_RANGE_LOOP_ANALYSIS = YES;
				CLANG_WARN_STRICT_PROTOTYPES = YES;
				CLANG_WARN_SUSPICIOUS_MOVE = YES;
				CLANG_WARN_UNGUARDED_AVAILABILITY = YES_AGGRESSIVE;
				CLANG_WARN_UNREACHABLE_CODE = YES;
				CLANG_WARN__DUPLICATE_METHOD_MATCH = YES;
				COPY_PHASE_STRIP = NO;
				DEBUG_INFORMATION_FORMAT = "dwarf-with-dsym";
				ENABLE_NS_ASSERTIONS = NO;
				ENABLE_STRICT_OBJC_MSGSEND = YES;
				GCC_C_LANGUAGE_STANDARD = gnu11;
				GCC_NO_COMMON_BLOCKS = YES;
				GCC_WARN_64_TO_32_BIT_CONVERSION = YES;
				GCC_WARN_ABOUT_RETURN_TYPE = YES_ERROR;
				GCC_WARN_UNDECLARED_SELECTOR = YES;
				GCC_WARN_UNINITIALIZED_AUTOS = YES_AGGRESSIVE;
				GCC_WARN_UNUSED_FUNCTION = YES;
				GCC_WARN_UNUSED_VARIABLE = YES;
				IPHONEOS_DEPLOYMENT_TARGET = 13.4;
				MTL_ENABLE_DEBUG_INFO = NO;
				MTL_FAST_MATH = YES;
				SDKROOT = iphoneos;
				SWIFT_COMPILATION_MODE = wholemodule;
				SWIFT_OPTIMIZATION_LEVEL = "-O";
				VALIDATE_PRODUCT = YES;
			};
			name = Release;
		};
		66FDE4D32433F8EB009FE064 /* Debug */ = {
			isa = XCBuildConfiguration;
			buildSettings = {
				ASSETCATALOG_COMPILER_APPICON_NAME = AppIcon;
				CODE_SIGN_STYLE = Automatic;
				INFOPLIST_FILE = PokemonApp/Info.plist;
				LD_RUNPATH_SEARCH_PATHS = (
					"$(inherited)",
					"@executable_path/Frameworks",
				);
				PRODUCT_BUNDLE_IDENTIFIER = Ricardo.PokemonApp;
				PRODUCT_NAME = "$(TARGET_NAME)";
				SWIFT_VERSION = 5.0;
				TARGETED_DEVICE_FAMILY = "1,2";
			};
			name = Debug;
		};
		66FDE4D42433F8EB009FE064 /* Release */ = {
			isa = XCBuildConfiguration;
			buildSettings = {
				ASSETCATALOG_COMPILER_APPICON_NAME = AppIcon;
				CODE_SIGN_STYLE = Automatic;
				INFOPLIST_FILE = PokemonApp/Info.plist;
				LD_RUNPATH_SEARCH_PATHS = (
					"$(inherited)",
					"@executable_path/Frameworks",
				);
				PRODUCT_BUNDLE_IDENTIFIER = Ricardo.PokemonApp;
				PRODUCT_NAME = "$(TARGET_NAME)";
				SWIFT_VERSION = 5.0;
				TARGETED_DEVICE_FAMILY = "1,2";
			};
			name = Release;
		};
		66FDE4D62433F8EB009FE064 /* Debug */ = {
			isa = XCBuildConfiguration;
			buildSettings = {
				ALWAYS_EMBED_SWIFT_STANDARD_LIBRARIES = YES;
				BUNDLE_LOADER = "$(TEST_HOST)";
				CODE_SIGN_STYLE = Automatic;
				INFOPLIST_FILE = PokemonAppTests/Info.plist;
				IPHONEOS_DEPLOYMENT_TARGET = 13.4;
				LD_RUNPATH_SEARCH_PATHS = (
					"$(inherited)",
					"@executable_path/Frameworks",
					"@loader_path/Frameworks",
				);
				PRODUCT_BUNDLE_IDENTIFIER = Ricardo.PokemonAppTests;
				PRODUCT_NAME = "$(TARGET_NAME)";
				SWIFT_VERSION = 5.0;
				TARGETED_DEVICE_FAMILY = "1,2";
				TEST_HOST = "$(BUILT_PRODUCTS_DIR)/PokemonApp.app/PokemonApp";
			};
			name = Debug;
		};
		66FDE4D72433F8EB009FE064 /* Release */ = {
			isa = XCBuildConfiguration;
			buildSettings = {
				ALWAYS_EMBED_SWIFT_STANDARD_LIBRARIES = YES;
				BUNDLE_LOADER = "$(TEST_HOST)";
				CODE_SIGN_STYLE = Automatic;
				INFOPLIST_FILE = PokemonAppTests/Info.plist;
				IPHONEOS_DEPLOYMENT_TARGET = 13.4;
				LD_RUNPATH_SEARCH_PATHS = (
					"$(inherited)",
					"@executable_path/Frameworks",
					"@loader_path/Frameworks",
				);
				PRODUCT_BUNDLE_IDENTIFIER = Ricardo.PokemonAppTests;
				PRODUCT_NAME = "$(TARGET_NAME)";
				SWIFT_VERSION = 5.0;
				TARGETED_DEVICE_FAMILY = "1,2";
				TEST_HOST = "$(BUILT_PRODUCTS_DIR)/PokemonApp.app/PokemonApp";
			};
			name = Release;
		};
/* End XCBuildConfiguration section */

/* Begin XCConfigurationList section */
		66FDE4AE2433F8E5009FE064 /* Build configuration list for PBXProject "PokemonApp" */ = {
			isa = XCConfigurationList;
			buildConfigurations = (
				66FDE4D02433F8EB009FE064 /* Debug */,
				66FDE4D12433F8EB009FE064 /* Release */,
			);
			defaultConfigurationIsVisible = 0;
			defaultConfigurationName = Release;
		};
		66FDE4D22433F8EB009FE064 /* Build configuration list for PBXNativeTarget "PokemonApp" */ = {
			isa = XCConfigurationList;
			buildConfigurations = (
				66FDE4D32433F8EB009FE064 /* Debug */,
				66FDE4D42433F8EB009FE064 /* Release */,
			);
			defaultConfigurationIsVisible = 0;
			defaultConfigurationName = Release;
		};
		66FDE4D52433F8EB009FE064 /* Build configuration list for PBXNativeTarget "PokemonAppTests" */ = {
			isa = XCConfigurationList;
			buildConfigurations = (
				66FDE4D62433F8EB009FE064 /* Debug */,
				66FDE4D72433F8EB009FE064 /* Release */,
			);
			defaultConfigurationIsVisible = 0;
			defaultConfigurationName = Release;
		};
/* End XCConfigurationList section */
	};
	rootObject = 66FDE4AB2433F8E5009FE064 /* Project object */;
}
